
Microsoft Visual Studio Solution File, Format Version 12.00
# Visual Studio Version 16
VisualStudioVersion = 16.0.29215.179
MinimumVisualStudioVersion = 10.0.40219.1
Project("{9A19103F-16F7-4668-BE54-9A1E7A4F7556}") = "Blog.Web", "Blog.Web\Blog.Web.csproj", "{E6A81A51-C5CE-46D1-91B2-1515487C8919}"
EndProject
Project("{9A19103F-16F7-4668-BE54-9A1E7A4F7556}") = "Blog.Services", "Blog.Services\Blog.Services.csproj", "{0135AB51-720C-4244-947F-9F595BC9820B}"
EndProject
Project("{9A19103F-16F7-4668-BE54-9A1E7A4F7556}") = "Blog.Data", "Blog.Data\Blog.Data.csproj", "{DB5D3A5A-6ADB-487B-92E6-920642663488}"
EndProject
Project("{9A19103F-16F7-4668-BE54-9A1E7A4F7556}") = "Blog.Controllers", "Blog.Controllers\Blog.Controllers.csproj", "{2D0BB04B-F40E-448D-A187-1E0D23CD0BE8}"
EndProject
Project("{FAE04EC0-301F-11D3-BF4B-00C04F79EFBC}") = "Blog.Test", "Blog.Test\Blog.Test.csproj", "{91FC06B2-7EEF-4515-8199-3C36285071D1}"
EndProject
Global
	GlobalSection(SolutionConfigurationPlatforms) = preSolution
		Debug|Any CPU = Debug|Any CPU
		Release|Any CPU = Release|Any CPU
	EndGlobalSection
	GlobalSection(ProjectConfigurationPlatforms) = postSolution
		{E6A81A51-C5CE-46D1-91B2-1515487C8919}.Debug|Any CPU.ActiveCfg = Debug|Any CPU
		{E6A81A51-C5CE-46D1-91B2-1515487C8919}.Debug|Any CPU.Build.0 = Debug|Any CPU
		{E6A81A51-C5CE-46D1-91B2-1515487C8919}.Release|Any CPU.ActiveCfg = Release|Any CPU
		{E6A81A51-C5CE-46D1-91B2-1515487C8919}.Release|Any CPU.Build.0 = Release|Any CPU
		{0135AB51-720C-4244-947F-9F595BC9820B}.Debug|Any CPU.ActiveCfg = Debug|Any CPU
		{0135AB51-720C-4244-947F-9F595BC9820B}.Debug|Any CPU.Build.0 = Debug|Any CPU
		{0135AB51-720C-4244-947F-9F595BC9820B}.Release|Any CPU.ActiveCfg = Release|Any CPU
		{0135AB51-720C-4244-947F-9F595BC9820B}.Release|Any CPU.Build.0 = Release|Any CPU
		{DB5D3A5A-6ADB-487B-92E6-920642663488}.Debug|Any CPU.ActiveCfg = Debug|Any CPU
		{DB5D3A5A-6ADB-487B-92E6-920642663488}.Debug|Any CPU.Build.0 = Debug|Any CPU
		{DB5D3A5A-6ADB-487B-92E6-920642663488}.Release|Any CPU.ActiveCfg = Release|Any CPU
		{DB5D3A5A-6ADB-487B-92E6-920642663488}.Release|Any CPU.Build.0 = Release|Any CPU
		{2D0BB04B-F40E-448D-A187-1E0D23CD0BE8}.Debug|Any CPU.ActiveCfg = Debug|Any CPU
		{2D0BB04B-F40E-448D-A187-1E0D23CD0BE8}.Debug|Any CPU.Build.0 = Debug|Any CPU
		{2D0BB04B-F40E-448D-A187-1E0D23CD0BE8}.Release|Any CPU.ActiveCfg = Release|Any CPU
		{2D0BB04B-F40E-448D-A187-1E0D23CD0BE8}.Release|Any CPU.Build.0 = Release|Any CPU
		{91FC06B2-7EEF-4515-8199-3C36285071D1}.Debug|Any CPU.ActiveCfg = Debug|Any CPU
		{91FC06B2-7EEF-4515-8199-3C36285071D1}.Debug|Any CPU.Build.0 = Debug|Any CPU
		{91FC06B2-7EEF-4515-8199-3C36285071D1}.Release|Any CPU.ActiveCfg = Release|Any CPU
		{91FC06B2-7EEF-4515-8199-3C36285071D1}.Release|Any CPU.Build.0 = Release|Any CPU
	EndGlobalSection
	GlobalSection(SolutionProperties) = preSolution
		HideSolutionNode = FALSE
	EndGlobalSection
	GlobalSection(ExtensibilityGlobals) = postSolution
		SolutionGuid = {959AB95B-8088-4D46-9E9F-3BD1FC88CBF2}
	EndGlobalSection
EndGlobal
