
Microsoft Visual Studio Solution File, Format Version 12.00
# Visual Studio Version 16
VisualStudioVersion = 16.0.29324.140
MinimumVisualStudioVersion = 10.0.40219.1
Project("{FAE04EC0-301F-11D3-BF4B-00C04F79EFBC}") = "SimpleEvents", "SimpleEvents\SimpleEvents.csproj", "{141FC318-00B1-4EA9-B387-BB856AAE7372}"
EndProject
Global
	GlobalSection(SolutionConfigurationPlatforms) = preSolution
		Debug|Any CPU = Debug|Any CPU
		Release|Any CPU = Release|Any CPU
	EndGlobalSection
	GlobalSection(ProjectConfigurationPlatforms) = postSolution
		{141FC318-00B1-4EA9-B387-BB856AAE7372}.Debug|Any CPU.ActiveCfg = Debug|Any CPU
		{141FC318-00B1-4EA9-B387-BB856AAE7372}.Debug|Any CPU.Build.0 = Debug|Any CPU
		{141FC318-00B1-4EA9-B387-BB856AAE7372}.Release|Any CPU.ActiveCfg = Release|Any CPU
		{141FC318-00B1-4EA9-B387-BB856AAE7372}.Release|Any CPU.Build.0 = Release|Any CPU
	EndGlobalSection
	GlobalSection(SolutionProperties) = preSolution
		HideSolutionNode = FALSE
	EndGlobalSection
	GlobalSection(ExtensibilityGlobals) = postSolution
		SolutionGuid = {DBB98EF8-38E9-46ED-9FEB-A39BDEDD1865}
	EndGlobalSection
EndGlobal
